
Microsoft Visual Studio Solution File, Format Version 12.00
# Visual Studio Version 17
VisualStudioVersion = 17.14.36518.9 d17.14
MinimumVisualStudioVersion = 10.0.40219.1
Project("{FAE04EC0-301F-11D3-BF4B-00C04F79EFBC}") = "eczaneoto", "eczaneoto\eczaneoto.csproj", "{D1093468-8E81-401F-ADAE-7D5619D1275A}"
EndProject
Global
	GlobalSection(SolutionConfigurationPlatforms) = preSolution
		Debug|Any CPU = Debug|Any CPU
		Release|Any CPU = Release|Any CPU
	EndGlobalSection
	GlobalSection(ProjectConfigurationPlatforms) = postSolution
		{D1093468-8E81-401F-ADAE-7D5619D1275A}.Debug|Any CPU.ActiveCfg = Debug|Any CPU
		{D1093468-8E81-401F-ADAE-7D5619D1275A}.Debug|Any CPU.Build.0 = Debug|Any CPU
		{D1093468-8E81-401F-ADAE-7D5619D1275A}.Release|Any CPU.ActiveCfg = Release|Any CPU
		{D1093468-8E81-401F-ADAE-7D5619D1275A}.Release|Any CPU.Build.0 = Release|Any CPU
	EndGlobalSection
	GlobalSection(SolutionProperties) = preSolution
		HideSolutionNode = FALSE
	EndGlobalSection
	GlobalSection(ExtensibilityGlobals) = postSolution
		SolutionGuid = {2FED2621-1808-4408-B0D4-5B42F17755E8}
	EndGlobalSection
EndGlobal
